// !$*UTF8*$!
{
	archiveVersion = 1;
	classes = {
	};
	objectVersion = 46;
	objects = {

/* Begin PBXBuildFile section */
		3D8C89BDC09043129FBA1D2D /* libPods.a in Frameworks */ = {isa = PBXBuildFile; fileRef = C07BDF937C1A4D15A9C467BF /* libPods.a */; };
		6AE1CB8B18C3A29D00D49205 /* Foundation.framework in Frameworks */ = {isa = PBXBuildFile; fileRef = 6AE1CB8A18C3A29D00D49205 /* Foundation.framework */; };
		6AE1CB8D18C3A29D00D49205 /* CoreGraphics.framework in Frameworks */ = {isa = PBXBuildFile; fileRef = 6AE1CB8C18C3A29D00D49205 /* CoreGraphics.framework */; };
		6AE1CB8F18C3A29D00D49205 /* UIKit.framework in Frameworks */ = {isa = PBXBuildFile; fileRef = 6AE1CB8E18C3A29D00D49205 /* UIKit.framework */; };
		6AE1CB9518C3A29D00D49205 /* InfoPlist.strings in Resources */ = {isa = PBXBuildFile; fileRef = 6AE1CB9318C3A29D00D49205 /* InfoPlist.strings */; };
		6AE1CB9718C3A29D00D49205 /* main.m in Sources */ = {isa = PBXBuildFile; fileRef = 6AE1CB9618C3A29D00D49205 /* main.m */; };
		6AE1CB9B18C3A29D00D49205 /* OFAppDelegate.m in Sources */ = {isa = PBXBuildFile; fileRef = 6AE1CB9A18C3A29D00D49205 /* OFAppDelegate.m */; };
		6AE1CB9E18C3A29D00D49205 /* Main_iPhone.storyboard in Resources */ = {isa = PBXBuildFile; fileRef = 6AE1CB9C18C3A29D00D49205 /* Main_iPhone.storyboard */; };
		6AE1CBA118C3A29D00D49205 /* Main_iPad.storyboard in Resources */ = {isa = PBXBuildFile; fileRef = 6AE1CB9F18C3A29D00D49205 /* Main_iPad.storyboard */; };
		6AE1CBA418C3A29D00D49205 /* OFViewController.m in Sources */ = {isa = PBXBuildFile; fileRef = 6AE1CBA318C3A29D00D49205 /* OFViewController.m */; };
		6AE1CBA618C3A29D00D49205 /* Images.xcassets in Resources */ = {isa = PBXBuildFile; fileRef = 6AE1CBA518C3A29D00D49205 /* Images.xcassets */; };
		6AE1CBAD18C3A29D00D49205 /* XCTest.framework in Frameworks */ = {isa = PBXBuildFile; fileRef = 6AE1CBAC18C3A29D00D49205 /* XCTest.framework */; };
		6AE1CBAE18C3A29D00D49205 /* Foundation.framework in Frameworks */ = {isa = PBXBuildFile; fileRef = 6AE1CB8A18C3A29D00D49205 /* Foundation.framework */; };
		6AE1CBAF18C3A29D00D49205 /* UIKit.framework in Frameworks */ = {isa = PBXBuildFile; fileRef = 6AE1CB8E18C3A29D00D49205 /* UIKit.framework */; };
		6AE1CBB718C3A29D00D49205 /* InfoPlist.strings in Resources */ = {isa = PBXBuildFile; fileRef = 6AE1CBB518C3A29D00D49205 /* InfoPlist.strings */; };
		6AE1CBB918C3A29D00D49205 /* PublicPhotosTests.m in Sources */ = {isa = PBXBuildFile; fileRef = 6AE1CBB818C3A29D00D49205 /* PublicPhotosTests.m */; };
		6AE1CBC518C3A4C000D49205 /* OFAPIKey.m in Sources */ = {isa = PBXBuildFile; fileRef = 6AE1CBC418C3A4C000D49205 /* OFAPIKey.m */; };
/* End PBXBuildFile section */

/* Begin PBXContainerItemProxy section */
		6AE1CBB018C3A29D00D49205 /* PBXContainerItemProxy */ = {
			isa = PBXContainerItemProxy;
			containerPortal = 6AE1CB7F18C3A29D00D49205 /* Project object */;
			proxyType = 1;
			remoteGlobalIDString = 6AE1CB8618C3A29D00D49205;
			remoteInfo = PublicPhotos;
		};
/* End PBXContainerItemProxy section */

/* Begin PBXFileReference section */
		2BE9566FA8FE41CAB554B5C8 /* Pods.xcconfig */ = {isa = PBXFileReference; includeInIndex = 1; lastKnownFileType = text.xcconfig; name = Pods.xcconfig; path = Pods/Pods.xcconfig; sourceTree = "<group>"; };
		6AE1CB8718C3A29D00D49205 /* PublicPhotos.app */ = {isa = PBXFileReference; explicitFileType = wrapper.application; includeInIndex = 0; path = PublicPhotos.app; sourceTree = BUILT_PRODUCTS_DIR; };
		6AE1CB8A18C3A29D00D49205 /* Foundation.framework */ = {isa = PBXFileReference; lastKnownFileType = wrapper.framework; name = Foundation.framework; path = System/Library/Frameworks/Foundation.framework; sourceTree = SDKROOT; };
		6AE1CB8C18C3A29D00D49205 /* CoreGraphics.framework */ = {isa = PBXFileReference; lastKnownFileType = wrapper.framework; name = CoreGraphics.framework; path = System/Library/Frameworks/CoreGraphics.framework; sourceTree = SDKROOT; };
		6AE1CB8E18C3A29D00D49205 /* UIKit.framework */ = {isa = PBXFileReference; lastKnownFileType = wrapper.framework; name = UIKit.framework; path = System/Library/Frameworks/UIKit.framework; sourceTree = SDKROOT; };
		6AE1CB9218C3A29D00D49205 /* PublicPhotos-Info.plist */ = {isa = PBXFileReference; lastKnownFileType = text.plist.xml; path = "PublicPhotos-Info.plist"; sourceTree = "<group>"; };
		6AE1CB9418C3A29D00D49205 /* en */ = {isa = PBXFileReference; lastKnownFileType = text.plist.strings; name = en; path = en.lproj/InfoPlist.strings; sourceTree = "<group>"; };
		6AE1CB9618C3A29D00D49205 /* main.m */ = {isa = PBXFileReference; lastKnownFileType = sourcecode.c.objc; path = main.m; sourceTree = "<group>"; };
		6AE1CB9818C3A29D00D49205 /* PublicPhotos-Prefix.pch */ = {isa = PBXFileReference; lastKnownFileType = sourcecode.c.h; path = "PublicPhotos-Prefix.pch"; sourceTree = "<group>"; };
		6AE1CB9918C3A29D00D49205 /* OFAppDelegate.h */ = {isa = PBXFileReference; lastKnownFileType = sourcecode.c.h; path = OFAppDelegate.h; sourceTree = "<group>"; };
		6AE1CB9A18C3A29D00D49205 /* OFAppDelegate.m */ = {isa = PBXFileReference; lastKnownFileType = sourcecode.c.objc; path = OFAppDelegate.m; sourceTree = "<group>"; };
		6AE1CB9D18C3A29D00D49205 /* Base */ = {isa = PBXFileReference; lastKnownFileType = file.storyboard; name = Base; path = Base.lproj/Main_iPhone.storyboard; sourceTree = "<group>"; };
		6AE1CBA018C3A29D00D49205 /* Base */ = {isa = PBXFileReference; lastKnownFileType = file.storyboard; name = Base; path = Base.lproj/Main_iPad.storyboard; sourceTree = "<group>"; };
		6AE1CBA218C3A29D00D49205 /* OFViewController.h */ = {isa = PBXFileReference; lastKnownFileType = sourcecode.c.h; path = OFViewController.h; sourceTree = "<group>"; };
		6AE1CBA318C3A29D00D49205 /* OFViewController.m */ = {isa = PBXFileReference; lastKnownFileType = sourcecode.c.objc; path = OFViewController.m; sourceTree = "<group>"; };
		6AE1CBA518C3A29D00D49205 /* Images.xcassets */ = {isa = PBXFileReference; lastKnownFileType = folder.assetcatalog; path = Images.xcassets; sourceTree = "<group>"; };
		6AE1CBAB18C3A29D00D49205 /* PublicPhotosTests.xctest */ = {isa = PBXFileReference; explicitFileType = wrapper.cfbundle; includeInIndex = 0; path = PublicPhotosTests.xctest; sourceTree = BUILT_PRODUCTS_DIR; };
		6AE1CBAC18C3A29D00D49205 /* XCTest.framework */ = {isa = PBXFileReference; lastKnownFileType = wrapper.framework; name = XCTest.framework; path = Library/Frameworks/XCTest.framework; sourceTree = DEVELOPER_DIR; };
		6AE1CBB418C3A29D00D49205 /* PublicPhotosTests-Info.plist */ = {isa = PBXFileReference; lastKnownFileType = text.plist.xml; path = "PublicPhotosTests-Info.plist"; sourceTree = "<group>"; };
		6AE1CBB618C3A29D00D49205 /* en */ = {isa = PBXFileReference; lastKnownFileType = text.plist.strings; name = en; path = en.lproj/InfoPlist.strings; sourceTree = "<group>"; };
		6AE1CBB818C3A29D00D49205 /* PublicPhotosTests.m */ = {isa = PBXFileReference; lastKnownFileType = sourcecode.c.objc; path = PublicPhotosTests.m; sourceTree = "<group>"; };
		6AE1CBC318C3A4A900D49205 /* OFAPIKey.h */ = {isa = PBXFileReference; lastKnownFileType = sourcecode.c.h; path = OFAPIKey.h; sourceTree = "<group>"; };
		6AE1CBC418C3A4C000D49205 /* OFAPIKey.m */ = {isa = PBXFileReference; fileEncoding = 4; lastKnownFileType = sourcecode.c.objc; path = OFAPIKey.m; sourceTree = "<group>"; };
		C07BDF937C1A4D15A9C467BF /* libPods.a */ = {isa = PBXFileReference; explicitFileType = archive.ar; includeInIndex = 0; path = libPods.a; sourceTree = BUILT_PRODUCTS_DIR; };
/* End PBXFileReference section */

/* Begin PBXFrameworksBuildPhase section */
		6AE1CB8418C3A29D00D49205 /* Frameworks */ = {
			isa = PBXFrameworksBuildPhase;
			buildActionMask = 2147483647;
			files = (
				6AE1CB8D18C3A29D00D49205 /* CoreGraphics.framework in Frameworks */,
				6AE1CB8F18C3A29D00D49205 /* UIKit.framework in Frameworks */,
				6AE1CB8B18C3A29D00D49205 /* Foundation.framework in Frameworks */,
				3D8C89BDC09043129FBA1D2D /* libPods.a in Frameworks */,
			);
			runOnlyForDeploymentPostprocessing = 0;
		};
		6AE1CBA818C3A29D00D49205 /* Frameworks */ = {
			isa = PBXFrameworksBuildPhase;
			buildActionMask = 2147483647;
			files = (
				6AE1CBAD18C3A29D00D49205 /* XCTest.framework in Frameworks */,
				6AE1CBAF18C3A29D00D49205 /* UIKit.framework in Frameworks */,
				6AE1CBAE18C3A29D00D49205 /* Foundation.framework in Frameworks */,
			);
			runOnlyForDeploymentPostprocessing = 0;
		};
/* End PBXFrameworksBuildPhase section */

/* Begin PBXGroup section */
		6AE1CB7E18C3A29C00D49205 = {
			isa = PBXGroup;
			children = (
				6AE1CB9018C3A29D00D49205 /* PublicPhotos */,
				6AE1CBB218C3A29D00D49205 /* PublicPhotosTests */,
				6AE1CB8918C3A29D00D49205 /* Frameworks */,
				6AE1CB8818C3A29D00D49205 /* Products */,
				2BE9566FA8FE41CAB554B5C8 /* Pods.xcconfig */,
			);
			sourceTree = "<group>";
		};
		6AE1CB8818C3A29D00D49205 /* Products */ = {
			isa = PBXGroup;
			children = (
				6AE1CB8718C3A29D00D49205 /* PublicPhotos.app */,
				6AE1CBAB18C3A29D00D49205 /* PublicPhotosTests.xctest */,
			);
			name = Products;
			sourceTree = "<group>";
		};
		6AE1CB8918C3A29D00D49205 /* Frameworks */ = {
			isa = PBXGroup;
			children = (
				6AE1CB8A18C3A29D00D49205 /* Foundation.framework */,
				6AE1CB8C18C3A29D00D49205 /* CoreGraphics.framework */,
				6AE1CB8E18C3A29D00D49205 /* UIKit.framework */,
				6AE1CBAC18C3A29D00D49205 /* XCTest.framework */,
				C07BDF937C1A4D15A9C467BF /* libPods.a */,
			);
			name = Frameworks;
			sourceTree = "<group>";
		};
		6AE1CB9018C3A29D00D49205 /* PublicPhotos */ = {
			isa = PBXGroup;
			children = (
				6AE1CBC318C3A4A900D49205 /* OFAPIKey.h */,
				6AE1CBC418C3A4C000D49205 /* OFAPIKey.m */,
				6AE1CB9918C3A29D00D49205 /* OFAppDelegate.h */,
				6AE1CB9A18C3A29D00D49205 /* OFAppDelegate.m */,
				6AE1CB9C18C3A29D00D49205 /* Main_iPhone.storyboard */,
				6AE1CB9F18C3A29D00D49205 /* Main_iPad.storyboard */,
				6AE1CBA218C3A29D00D49205 /* OFViewController.h */,
				6AE1CBA318C3A29D00D49205 /* OFViewController.m */,
				6AE1CBA518C3A29D00D49205 /* Images.xcassets */,
				6AE1CB9118C3A29D00D49205 /* Supporting Files */,
			);
			path = PublicPhotos;
			sourceTree = "<group>";
		};
		6AE1CB9118C3A29D00D49205 /* Supporting Files */ = {
			isa = PBXGroup;
			children = (
				6AE1CB9218C3A29D00D49205 /* PublicPhotos-Info.plist */,
				6AE1CB9318C3A29D00D49205 /* InfoPlist.strings */,
				6AE1CB9618C3A29D00D49205 /* main.m */,
				6AE1CB9818C3A29D00D49205 /* PublicPhotos-Prefix.pch */,
			);
			name = "Supporting Files";
			sourceTree = "<group>";
		};
		6AE1CBB218C3A29D00D49205 /* PublicPhotosTests */ = {
			isa = PBXGroup;
			children = (
				6AE1CBB818C3A29D00D49205 /* PublicPhotosTests.m */,
				6AE1CBB318C3A29D00D49205 /* Supporting Files */,
			);
			path = PublicPhotosTests;
			sourceTree = "<group>";
		};
		6AE1CBB318C3A29D00D49205 /* Supporting Files */ = {
			isa = PBXGroup;
			children = (
				6AE1CBB418C3A29D00D49205 /* PublicPhotosTests-Info.plist */,
				6AE1CBB518C3A29D00D49205 /* InfoPlist.strings */,
			);
			name = "Supporting Files";
			sourceTree = "<group>";
		};
/* End PBXGroup section */

/* Begin PBXNativeTarget section */
		6AE1CB8618C3A29D00D49205 /* PublicPhotos */ = {
			isa = PBXNativeTarget;
			buildConfigurationList = 6AE1CBBC18C3A29D00D49205 /* Build configuration list for PBXNativeTarget "PublicPhotos" */;
			buildPhases = (
				BF858D37C67B4B5DABD22510 /* Check Pods Manifest.lock */,
				6AE1CB8318C3A29D00D49205 /* Sources */,
				6AE1CB8418C3A29D00D49205 /* Frameworks */,
				6AE1CB8518C3A29D00D49205 /* Resources */,
				EFD244AD1F4440088FC5D128 /* Copy Pods Resources */,
			);
			buildRules = (
			);
			dependencies = (
			);
			name = PublicPhotos;
			productName = PublicPhotos;
			productReference = 6AE1CB8718C3A29D00D49205 /* PublicPhotos.app */;
			productType = "com.apple.product-type.application";
		};
		6AE1CBAA18C3A29D00D49205 /* PublicPhotosTests */ = {
			isa = PBXNativeTarget;
			buildConfigurationList = 6AE1CBBF18C3A29D00D49205 /* Build configuration list for PBXNativeTarget "PublicPhotosTests" */;
			buildPhases = (
				6AE1CBA718C3A29D00D49205 /* Sources */,
				6AE1CBA818C3A29D00D49205 /* Frameworks */,
				6AE1CBA918C3A29D00D49205 /* Resources */,
			);
			buildRules = (
			);
			dependencies = (
				6AE1CBB118C3A29D00D49205 /* PBXTargetDependency */,
			);
			name = PublicPhotosTests;
			productName = PublicPhotosTests;
			productReference = 6AE1CBAB18C3A29D00D49205 /* PublicPhotosTests.xctest */;
			productType = "com.apple.product-type.bundle.unit-test";
		};
/* End PBXNativeTarget section */

/* Begin PBXProject section */
		6AE1CB7F18C3A29D00D49205 /* Project object */ = {
			isa = PBXProject;
			attributes = {
				CLASSPREFIX = OF;
				LastUpgradeCheck = 0500;
				ORGANIZATIONNAME = "Lukhnos Liu";
				TargetAttributes = {
					6AE1CBAA18C3A29D00D49205 = {
						TestTargetID = 6AE1CB8618C3A29D00D49205;
					};
				};
			};
			buildConfigurationList = 6AE1CB8218C3A29D00D49205 /* Build configuration list for PBXProject "PublicPhotos" */;
			compatibilityVersion = "Xcode 3.2";
			developmentRegion = English;
			hasScannedForEncodings = 0;
			knownRegions = (
				en,
				Base,
			);
			mainGroup = 6AE1CB7E18C3A29C00D49205;
			productRefGroup = 6AE1CB8818C3A29D00D49205 /* Products */;
			projectDirPath = "";
			projectRoot = "";
			targets = (
				6AE1CB8618C3A29D00D49205 /* PublicPhotos */,
				6AE1CBAA18C3A29D00D49205 /* PublicPhotosTests */,
			);
		};
/* End PBXProject section */

/* Begin PBXResourcesBuildPhase section */
		6AE1CB8518C3A29D00D49205 /* Resources */ = {
			isa = PBXResourcesBuildPhase;
			buildActionMask = 2147483647;
			files = (
				6AE1CBA118C3A29D00D49205 /* Main_iPad.storyboard in Resources */,
				6AE1CBA618C3A29D00D49205 /* Images.xcassets in Resources */,
				6AE1CB9E18C3A29D00D49205 /* Main_iPhone.storyboard in Resources */,
				6AE1CB9518C3A29D00D49205 /* InfoPlist.strings in Resources */,
			);
			runOnlyForDeploymentPostprocessing = 0;
		};
		6AE1CBA918C3A29D00D49205 /* Resources */ = {
			isa = PBXResourcesBuildPhase;
			buildActionMask = 2147483647;
			files = (
				6AE1CBB718C3A29D00D49205 /* InfoPlist.strings in Resources */,
			);
			runOnlyForDeploymentPostprocessing = 0;
		};
/* End PBXResourcesBuildPhase section */

/* Begin PBXShellScriptBuildPhase section */
		BF858D37C67B4B5DABD22510 /* Check Pods Manifest.lock */ = {
			isa = PBXShellScriptBuildPhase;
			buildActionMask = 2147483647;
			files = (
			);
			inputPaths = (
			);
			name = "Check Pods Manifest.lock";
			outputPaths = (
			);
			runOnlyForDeploymentPostprocessing = 0;
			shellPath = /bin/sh;
			shellScript = "diff \"${PODS_ROOT}/../Podfile.lock\" \"${PODS_ROOT}/Manifest.lock\" > /dev/null\nif [[ $? != 0 ]] ; then\n    cat << EOM\nerror: The sandbox is not in sync with the Podfile.lock. Run 'pod install' or update your CocoaPods installation.\nEOM\n    exit 1\nfi\n";
			showEnvVarsInLog = 0;
		};
		EFD244AD1F4440088FC5D128 /* Copy Pods Resources */ = {
			isa = PBXShellScriptBuildPhase;
			buildActionMask = 2147483647;
			files = (
			);
			inputPaths = (
			);
			name = "Copy Pods Resources";
			outputPaths = (
			);
			runOnlyForDeploymentPostprocessing = 0;
			shellPath = /bin/sh;
			shellScript = "\"${SRCROOT}/Pods/Pods-resources.sh\"\n";
			showEnvVarsInLog = 0;
		};
/* End PBXShellScriptBuildPhase section */

/* Begin PBXSourcesBuildPhase section */
		6AE1CB8318C3A29D00D49205 /* Sources */ = {
			isa = PBXSourcesBuildPhase;
			buildActionMask = 2147483647;
			files = (
				6AE1CB9718C3A29D00D49205 /* main.m in Sources */,
				6AE1CB9B18C3A29D00D49205 /* OFAppDelegate.m in Sources */,
				6AE1CBC518C3A4C000D49205 /* OFAPIKey.m in Sources */,
				6AE1CBA418C3A29D00D49205 /* OFViewController.m in Sources */,
			);
			runOnlyForDeploymentPostprocessing = 0;
		};
		6AE1CBA718C3A29D00D49205 /* Sources */ = {
			isa = PBXSourcesBuildPhase;
			buildActionMask = 2147483647;
			files = (
				6AE1CBB918C3A29D00D49205 /* PublicPhotosTests.m in Sources */,
			);
			runOnlyForDeploymentPostprocessing = 0;
		};
/* End PBXSourcesBuildPhase section */

/* Begin PBXTargetDependency section */
		6AE1CBB118C3A29D00D49205 /* PBXTargetDependency */ = {
			isa = PBXTargetDependency;
			target = 6AE1CB8618C3A29D00D49205 /* PublicPhotos */;
			targetProxy = 6AE1CBB018C3A29D00D49205 /* PBXContainerItemProxy */;
		};
/* End PBXTargetDependency section */

/* Begin PBXVariantGroup section */
		6AE1CB9318C3A29D00D49205 /* InfoPlist.strings */ = {
			isa = PBXVariantGroup;
			children = (
				6AE1CB9418C3A29D00D49205 /* en */,
			);
			name = InfoPlist.strings;
			sourceTree = "<group>";
		};
		6AE1CB9C18C3A29D00D49205 /* Main_iPhone.storyboard */ = {
			isa = PBXVariantGroup;
			children = (
				6AE1CB9D18C3A29D00D49205 /* Base */,
			);
			name = Main_iPhone.storyboard;
			sourceTree = "<group>";
		};
		6AE1CB9F18C3A29D00D49205 /* Main_iPad.storyboard */ = {
			isa = PBXVariantGroup;
			children = (
				6AE1CBA018C3A29D00D49205 /* Base */,
			);
			name = Main_iPad.storyboard;
			sourceTree = "<group>";
		};
		6AE1CBB518C3A29D00D49205 /* InfoPlist.strings */ = {
			isa = PBXVariantGroup;
			children = (
				6AE1CBB618C3A29D00D49205 /* en */,
			);
			name = InfoPlist.strings;
			sourceTree = "<group>";
		};
/* End PBXVariantGroup section */

/* Begin XCBuildConfiguration section */
		6AE1CBBA18C3A29D00D49205 /* Debug */ = {
			isa = XCBuildConfiguration;
			buildSettings = {
				ALWAYS_SEARCH_USER_PATHS = NO;
				ARCHS = "$(ARCHS_STANDARD_INCLUDING_64_BIT)";
				CLANG_CXX_LANGUAGE_STANDARD = "gnu++0x";
				CLANG_CXX_LIBRARY = "libc++";
				CLANG_ENABLE_MODULES = YES;
				CLANG_ENABLE_OBJC_ARC = YES;
				CLANG_WARN_BOOL_CONVERSION = YES;
				CLANG_WARN_CONSTANT_CONVERSION = YES;
				CLANG_WARN_DIRECT_OBJC_ISA_USAGE = YES_ERROR;
				CLANG_WARN_EMPTY_BODY = YES;
				CLANG_WARN_ENUM_CONVERSION = YES;
				CLANG_WARN_INT_CONVERSION = YES;
				CLANG_WARN_OBJC_ROOT_CLASS = YES_ERROR;
				CLANG_WARN__DUPLICATE_METHOD_MATCH = YES;
				"CODE_SIGN_IDENTITY[sdk=iphoneos*]" = "iPhone Developer";
				COPY_PHASE_STRIP = NO;
				GCC_C_LANGUAGE_STANDARD = gnu99;
				GCC_DYNAMIC_NO_PIC = NO;
				GCC_OPTIMIZATION_LEVEL = 0;
				GCC_PREPROCESSOR_DEFINITIONS = (
					"DEBUG=1",
					"$(inherited)",
				);
				GCC_SYMBOLS_PRIVATE_EXTERN = NO;
				GCC_WARN_64_TO_32_BIT_CONVERSION = YES;
				GCC_WARN_ABOUT_RETURN_TYPE = YES_ERROR;
				GCC_WARN_UNDECLARED_SELECTOR = YES;
				GCC_WARN_UNINITIALIZED_AUTOS = YES;
				GCC_WARN_UNUSED_FUNCTION = YES;
				GCC_WARN_UNUSED_VARIABLE = YES;
				IPHONEOS_DEPLOYMENT_TARGET = 7.0;
				ONLY_ACTIVE_ARCH = YES;
				SDKROOT = iphoneos;
				TARGETED_DEVICE_FAMILY = "1,2";
			};
			name = Debug;
		};
		6AE1CBBB18C3A29D00D49205 /* Release */ = {
			isa = XCBuildConfiguration;
			buildSettings = {
				ALWAYS_SEARCH_USER_PATHS = NO;
				ARCHS = "$(ARCHS_STANDARD_INCLUDING_64_BIT)";
				CLANG_CXX_LANGUAGE_STANDARD = "gnu++0x";
				CLANG_CXX_LIBRARY = "libc++";
				CLANG_ENABLE_MODULES = YES;
				CLANG_ENABLE_OBJC_ARC = YES;
				CLANG_WARN_BOOL_CONVERSION = YES;
				CLANG_WARN_CONSTANT_CONVERSION = YES;
				CLANG_WARN_DIRECT_OBJC_ISA_USAGE = YES_ERROR;
				CLANG_WARN_EMPTY_BODY = YES;
				CLANG_WARN_ENUM_CONVERSION = YES;
				CLANG_WARN_INT_CONVERSION = YES;
				CLANG_WARN_OBJC_ROOT_CLASS = YES_ERROR;
				CLANG_WARN__DUPLICATE_METHOD_MATCH = YES;
				"CODE_SIGN_IDENTITY[sdk=iphoneos*]" = "iPhone Developer";
				COPY_PHASE_STRIP = YES;
				ENABLE_NS_ASSERTIONS = NO;
				GCC_C_LANGUAGE_STANDARD = gnu99;
				GCC_WARN_64_TO_32_BIT_CONVERSION = YES;
				GCC_WARN_ABOUT_RETURN_TYPE = YES_ERROR;
				GCC_WARN_UNDECLARED_SELECTOR = YES;
				GCC_WARN_UNINITIALIZED_AUTOS = YES;
				GCC_WARN_UNUSED_FUNCTION = YES;
				GCC_WARN_UNUSED_VARIABLE = YES;
				IPHONEOS_DEPLOYMENT_TARGET = 7.0;
				SDKROOT = iphoneos;
				TARGETED_DEVICE_FAMILY = "1,2";
				VALIDATE_PRODUCT = YES;
			};
			name = Release;
		};
		6AE1CBBD18C3A29D00D49205 /* Debug */ = {
			isa = XCBuildConfiguration;
			baseConfigurationReference = 2BE9566FA8FE41CAB554B5C8 /* Pods.xcconfig */;
			buildSettings = {
				ASSETCATALOG_COMPILER_APPICON_NAME = AppIcon;
				ASSETCATALOG_COMPILER_LAUNCHIMAGE_NAME = LaunchImage;
				GCC_PRECOMPILE_PREFIX_HEADER = YES;
				GCC_PREFIX_HEADER = "PublicPhotos/PublicPhotos-Prefix.pch";
				INFOPLIST_FILE = "PublicPhotos/PublicPhotos-Info.plist";
				PRODUCT_NAME = "$(TARGET_NAME)";
				WRAPPER_EXTENSION = app;
			};
			name = Debug;
		};
		6AE1CBBE18C3A29D00D49205 /* Release */ = {
			isa = XCBuildConfiguration;
			baseConfigurationReference = 2BE9566FA8FE41CAB554B5C8 /* Pods.xcconfig */;
			buildSettings = {
				ASSETCATALOG_COMPILER_APPICON_NAME = AppIcon;
				ASSETCATALOG_COMPILER_LAUNCHIMAGE_NAME = LaunchImage;
				GCC_PRECOMPILE_PREFIX_HEADER = YES;
				GCC_PREFIX_HEADER = "PublicPhotos/PublicPhotos-Prefix.pch";
				INFOPLIST_FILE = "PublicPhotos/PublicPhotos-Info.plist";
				PRODUCT_NAME = "$(TARGET_NAME)";
				WRAPPER_EXTENSION = app;
			};
			name = Release;
		};
		6AE1CBC018C3A29D00D49205 /* Debug */ = {
			isa = XCBuildConfiguration;
			buildSettings = {
				ARCHS = "$(ARCHS_STANDARD_INCLUDING_64_BIT)";
				BUNDLE_LOADER = "$(BUILT_PRODUCTS_DIR)/PublicPhotos.app/PublicPhotos";
				FRAMEWORK_SEARCH_PATHS = (
					"$(SDKROOT)/Developer/Library/Frameworks",
					"$(inherited)",
					"$(DEVELOPER_FRAMEWORKS_DIR)",
				);
				GCC_PRECOMPILE_PREFIX_HEADER = YES;
				GCC_PREFIX_HEADER = "PublicPhotos/PublicPhotos-Prefix.pch";
				GCC_PREPROCESSOR_DEFINITIONS = (
					"DEBUG=1",
					"$(inherited)",
				);
				INFOPLIST_FILE = "PublicPhotosTests/PublicPhotosTests-Info.plist";
				PRODUCT_NAME = "$(TARGET_NAME)";
				TEST_HOST = "$(BUNDLE_LOADER)";
				WRAPPER_EXTENSION = xctest;
			};
			name = Debug;
		};
		6AE1CBC118C3A29D00D49205 /* Release */ = {
			isa = XCBuildConfiguration;
			buildSettings = {
				ARCHS = "$(ARCHS_STANDARD_INCLUDING_64_BIT)";
				BUNDLE_LOADER = "$(BUILT_PRODUCTS_DIR)/PublicPhotos.app/PublicPhotos";
				FRAMEWORK_SEARCH_PATHS = (
					"$(SDKROOT)/Developer/Library/Frameworks",
					"$(inherited)",
					"$(DEVELOPER_FRAMEWORKS_DIR)",
				);
				GCC_PRECOMPILE_PREFIX_HEADER = YES;
				GCC_PREFIX_HEADER = "PublicPhotos/PublicPhotos-Prefix.pch";
				INFOPLIST_FILE = "PublicPhotosTests/PublicPhotosTests-Info.plist";
				PRODUCT_NAME = "$(TARGET_NAME)";
				TEST_HOST = "$(BUNDLE_LOADER)";
				WRAPPER_EXTENSION = xctest;
			};
			name = Release;
		};
/* End XCBuildConfiguration section */

/* Begin XCConfigurationList section */
		6AE1CB8218C3A29D00D49205 /* Build configuration list for PBXProject "PublicPhotos" */ = {
			isa = XCConfigurationList;
			buildConfigurations = (
				6AE1CBBA18C3A29D00D49205 /* Debug */,
				6AE1CBBB18C3A29D00D49205 /* Release */,
			);
			defaultConfigurationIsVisible = 0;
			defaultConfigurationName = Release;
		};
		6AE1CBBC18C3A29D00D49205 /* Build configuration list for PBXNativeTarget "PublicPhotos" */ = {
			isa = XCConfigurationList;
			buildConfigurations = (
				6AE1CBBD18C3A29D00D49205 /* Debug */,
				6AE1CBBE18C3A29D00D49205 /* Release */,
			);
			defaultConfigurationIsVisible = 0;
			defaultConfigurationName = Release;
		};
		6AE1CBBF18C3A29D00D49205 /* Build configuration list for PBXNativeTarget "PublicPhotosTests" */ = {
			isa = XCConfigurationList;
			buildConfigurations = (
				6AE1CBC018C3A29D00D49205 /* Debug */,
				6AE1CBC118C3A29D00D49205 /* Release */,
			);
			defaultConfigurationIsVisible = 0;
			defaultConfigurationName = Release;
		};
/* End XCConfigurationList section */
	};
	rootObject = 6AE1CB7F18C3A29D00D49205 /* Project object */;
}
